{
  "version": 1,
  "dependencies": {
    "net11.0": {
      "Microsoft.NET.ILLink.Tasks": {
        "type": "Direct",
        "requested": "[11.0.0-preview.5.26302.115, )",
        "resolved": "11.0.0-preview.5.26302.115",
        "contentHash": "39n/vnh6KmIMvjRhJywLRRLZYDA+3TrC8i9QUjUyL+XjKu8U3ON/zXFQUS/UHibZikJHpWMkinx8KkzlkugCvA=="
      },
      "MinVer": {
        "type": "Direct",
        "requested": "[6.*, )",
        "resolved": "6.1.0",
        "contentHash": "dGyb6EBQ87AhyagcXslfDGL/A+xbNtRD23CBjXoKo82TvjHqF2BBz61B6EBx/S117KUMB1PEUpRLrHcu6UjOhg=="
      }
    }
  }
}