<Solution>
  <Folder Name="/samples/">
    <Project Path="samples/ReturnSuccessOrError.Samples/ReturnSuccessOrError.Samples.csproj" />
  </Folder>
  <Folder Name="/src/">
    <Project Path="src/ReturnSuccessOrError/ReturnSuccessOrError.csproj" />
  </Folder>
  <Folder Name="/tests/">
    <Project Path="tests/ReturnSuccessOrError.Tests/ReturnSuccessOrError.Tests.csproj" />
  </Folder>
</Solution>
